
Microsoft Visual Studio Solution File, Format Version 12.00
Project("{FAE04EC0-301F-11D3-BF4B-00C04F79EFBC}") = "AbsoluteCinema.Presentation", "AbsoluteCinema.Presentation\AbsoluteCinema.Presentation.csproj", "{8A79BFF1-4592-4E6D-B668-12FE38F1938D}"
EndProject
Project("{FAE04EC0-301F-11D3-BF4B-00C04F79EFBC}") = "AbsoluteCinema.Domain", "AbsoluteCinema.Domain\AbsoluteCinema.Domain.csproj", "{64B60313-351C-4F62-A211-FDC431838EFD}"
EndProject
Project("{FAE04EC0-301F-11D3-BF4B-00C04F79EFBC}") = "AbsoluteCinema.Infrastructure", "AbsoluteCinema.Infrastructure\AbsoluteCinema.Infrastructure.csproj", "{A12E955F-8FFD-4CB0-BB04-B9E5C4374D8F}"
EndProject
Project("{FAE04EC0-301F-11D3-BF4B-00C04F79EFBC}") = "AbsoluteCinema.Application", "AbsoluteCinema.Application\AbsoluteCinema.Application.csproj", "{39062B20-6623-4B1A-A030-7353D067A3CF}"
EndProject
Global
	GlobalSection(SolutionConfigurationPlatforms) = preSolution
		Debug|Any CPU = Debug|Any CPU
		Release|Any CPU = Release|Any CPU
	EndGlobalSection
	GlobalSection(ProjectConfigurationPlatforms) = postSolution
		{8A79BFF1-4592-4E6D-B668-12FE38F1938D}.Debug|Any CPU.ActiveCfg = Debug|Any CPU
		{8A79BFF1-4592-4E6D-B668-12FE38F1938D}.Debug|Any CPU.Build.0 = Debug|Any CPU
		{8A79BFF1-4592-4E6D-B668-12FE38F1938D}.Release|Any CPU.ActiveCfg = Release|Any CPU
		{8A79BFF1-4592-4E6D-B668-12FE38F1938D}.Release|Any CPU.Build.0 = Release|Any CPU
		{64B60313-351C-4F62-A211-FDC431838EFD}.Debug|Any CPU.ActiveCfg = Debug|Any CPU
		{64B60313-351C-4F62-A211-FDC431838EFD}.Debug|Any CPU.Build.0 = Debug|Any CPU
		{64B60313-351C-4F62-A211-FDC431838EFD}.Release|Any CPU.ActiveCfg = Release|Any CPU
		{64B60313-351C-4F62-A211-FDC431838EFD}.Release|Any CPU.Build.0 = Release|Any CPU
		{A12E955F-8FFD-4CB0-BB04-B9E5C4374D8F}.Debug|Any CPU.ActiveCfg = Debug|Any CPU
		{A12E955F-8FFD-4CB0-BB04-B9E5C4374D8F}.Debug|Any CPU.Build.0 = Debug|Any CPU
		{A12E955F-8FFD-4CB0-BB04-B9E5C4374D8F}.Release|Any CPU.ActiveCfg = Release|Any CPU
		{A12E955F-8FFD-4CB0-BB04-B9E5C4374D8F}.Release|Any CPU.Build.0 = Release|Any CPU
		{39062B20-6623-4B1A-A030-7353D067A3CF}.Debug|Any CPU.ActiveCfg = Debug|Any CPU
		{39062B20-6623-4B1A-A030-7353D067A3CF}.Debug|Any CPU.Build.0 = Debug|Any CPU
		{39062B20-6623-4B1A-A030-7353D067A3CF}.Release|Any CPU.ActiveCfg = Release|Any CPU
		{39062B20-6623-4B1A-A030-7353D067A3CF}.Release|Any CPU.Build.0 = Release|Any CPU
	EndGlobalSection
EndGlobal
